PODS:
  - TQLCommonCategory (0.0.1)

DEPENDENCIES:
  - TQLCommonCategory (from `./../`)

EXTERNAL SOURCES:
  TQLCommonCategory:
    :path: "./../"

SPEC CHECKSUMS:
  TQLCommonCategory: b49ba8fe985377db4f49e705b71d1a3b52c38f0e

PODFILE CHECKSUM: af3b44924cfffe99819a0f90aac5a932f1083ee8

COCOAPODS: 1.7.5
