PODS:
  - TQLCommonCategory (0.0.1)

DEPENDENCIES:
  - TQLCommonCategory

SPEC REPOS:
  https://github.com/TianQiLi/TQRepo.git:
    - TQLCommonCategory

SPEC CHECKSUMS:
  TQLCommonCategory: 3e86750253ffc5d8ee80a52493936afa5c2af357

PODFILE CHECKSUM: 913891095e0093be0c1df673c6f2e3d6e52964a4

COCOAPODS: 1.7.5
